
Microsoft Visual Studio Solution File, Format Version 12.00
# Visual Studio Version 16
VisualStudioVersion = 16.0.29411.108
MinimumVisualStudioVersion = 10.0.40219.1
Project("{FAE04EC0-301F-11D3-BF4B-00C04F79EFBC}") = "CycleShop", "CycleShop\CycleShop.csproj", "{321EED7A-EDA5-48CC-A8B9-4A37BDC2F179}"
EndProject
Global
	GlobalSection(SolutionConfigurationPlatforms) = preSolution
		Debug|Any CPU = Debug|Any CPU
		Release|Any CPU = Release|Any CPU
	EndGlobalSection
	GlobalSection(ProjectConfigurationPlatforms) = postSolution
		{321EED7A-EDA5-48CC-A8B9-4A37BDC2F179}.Debug|Any CPU.ActiveCfg = Debug|Any CPU
		{321EED7A-EDA5-48CC-A8B9-4A37BDC2F179}.Debug|Any CPU.Build.0 = Debug|Any CPU
		{321EED7A-EDA5-48CC-A8B9-4A37BDC2F179}.Release|Any CPU.ActiveCfg = Release|Any CPU
		{321EED7A-EDA5-48CC-A8B9-4A37BDC2F179}.Release|Any CPU.Build.0 = Release|Any CPU
	EndGlobalSection
	GlobalSection(SolutionProperties) = preSolution
		HideSolutionNode = FALSE
	EndGlobalSection
	GlobalSection(ExtensibilityGlobals) = postSolution
		SolutionGuid = {7209123D-F0B4-4834-9B69-483F62A65E20}
	EndGlobalSection
EndGlobal
